
Microsoft Visual Studio Solution File, Format Version 12.00
# Visual Studio 15
VisualStudioVersion = 15.0.28307.106
MinimumVisualStudioVersion = 10.0.40219.1
Project("{FAE04EC0-301F-11D3-BF4B-00C04F79EFBC}") = "Hattrick", "Hattrick\Hattrick.csproj", "{091F653A-D13D-40E9-AB0C-024AD715E05B}"
EndProject
Global
	GlobalSection(SolutionConfigurationPlatforms) = preSolution
		Debug|Any CPU = Debug|Any CPU
		Release|Any CPU = Release|Any CPU
	EndGlobalSection
	GlobalSection(ProjectConfigurationPlatforms) = postSolution
		{091F653A-D13D-40E9-AB0C-024AD715E05B}.Debug|Any CPU.ActiveCfg = Debug|Any CPU
		{091F653A-D13D-40E9-AB0C-024AD715E05B}.Debug|Any CPU.Build.0 = Debug|Any CPU
		{091F653A-D13D-40E9-AB0C-024AD715E05B}.Release|Any CPU.ActiveCfg = Release|Any CPU
		{091F653A-D13D-40E9-AB0C-024AD715E05B}.Release|Any CPU.Build.0 = Release|Any CPU
	EndGlobalSection
	GlobalSection(SolutionProperties) = preSolution
		HideSolutionNode = FALSE
	EndGlobalSection
	GlobalSection(ExtensibilityGlobals) = postSolution
		SolutionGuid = {7135C658-4BB1-489A-B95C-82433FF865C7}
	EndGlobalSection
EndGlobal
